{
  "name": "nvim",
  "lockfileVersion": 3,
  "requires": true,
  "packages": {
    "": {
      "dependencies": {
        "@vscode/codicons": "^0.0.35"
      }
    },
    "node_modules/@vscode/codicons": {
      "version": "0.0.35",
      "resolved": "https://registry.npmjs.org/@vscode/codicons/-/codicons-0.0.35.tgz",
      "integrity": "sha512-7iiKdA5wHVYSbO7/Mm0hiHD3i4h+9hKUe1O4hISAe/nHhagMwb2ZbFC8jU6d7Cw+JNT2dWXN2j+WHbkhT5/l2w=="
    }
  }
}
